
Microsoft Visual Studio Solution File, Format Version 12.00
# Visual Studio 2013
VisualStudioVersion = 12.0.31101.0
MinimumVisualStudioVersion = 10.0.40219.1
Project("{FAE04EC0-301F-11D3-BF4B-00C04F79EFBC}") = "TurnerApi", "TurnerApi\TurnerApi.csproj", "{3A9E9A71-BD72-4649-A861-FF7A3EFC283C}"
EndProject
Project("{FAE04EC0-301F-11D3-BF4B-00C04F79EFBC}") = "TurnerData", "TurnerData\TurnerData.csproj", "{16212204-FB0A-4737-A9DC-727AE3823F5D}"
EndProject
Global
	GlobalSection(SolutionConfigurationPlatforms) = preSolution
		Debug|Any CPU = Debug|Any CPU
		Release|Any CPU = Release|Any CPU
	EndGlobalSection
	GlobalSection(ProjectConfigurationPlatforms) = postSolution
		{3A9E9A71-BD72-4649-A861-FF7A3EFC283C}.Debug|Any CPU.ActiveCfg = Debug|Any CPU
		{3A9E9A71-BD72-4649-A861-FF7A3EFC283C}.Debug|Any CPU.Build.0 = Debug|Any CPU
		{3A9E9A71-BD72-4649-A861-FF7A3EFC283C}.Release|Any CPU.ActiveCfg = Release|Any CPU
		{3A9E9A71-BD72-4649-A861-FF7A3EFC283C}.Release|Any CPU.Build.0 = Release|Any CPU
		{16212204-FB0A-4737-A9DC-727AE3823F5D}.Debug|Any CPU.ActiveCfg = Debug|Any CPU
		{16212204-FB0A-4737-A9DC-727AE3823F5D}.Debug|Any CPU.Build.0 = Debug|Any CPU
		{16212204-FB0A-4737-A9DC-727AE3823F5D}.Release|Any CPU.ActiveCfg = Release|Any CPU
		{16212204-FB0A-4737-A9DC-727AE3823F5D}.Release|Any CPU.Build.0 = Release|Any CPU
	EndGlobalSection
	GlobalSection(SolutionProperties) = preSolution
		HideSolutionNode = FALSE
	EndGlobalSection
EndGlobal
